
Microsoft Visual Studio Solution File, Format Version 11.00
# Visual Studio 2010
Project("{FAE04EC0-301F-11D3-BF4B-00C04F79EFBC}") = "Assembly-CSharp", "Assembly-CSharp.csproj", "{21efbe49-85e5-224f-c88c-6f3515881212}"
EndProject
Project("{FAE04EC0-301F-11D3-BF4B-00C04F79EFBC}") = "Assembly-CSharp-Editor", "Assembly-CSharp-Editor.csproj", "{451ecb91-0938-9833-d047-8c3dac83e51f}"
EndProject
Global
	GlobalSection(SolutionConfigurationPlatforms) = preSolution
		Debug|Any CPU = Debug|Any CPU
	EndGlobalSection
	GlobalSection(ProjectConfigurationPlatforms) = postSolution
		{21efbe49-85e5-224f-c88c-6f3515881212}.Debug|Any CPU.ActiveCfg = Debug|Any CPU
		{21efbe49-85e5-224f-c88c-6f3515881212}.Debug|Any CPU.Build.0 = Debug|Any CPU
		{451ecb91-0938-9833-d047-8c3dac83e51f}.Debug|Any CPU.ActiveCfg = Debug|Any CPU
		{451ecb91-0938-9833-d047-8c3dac83e51f}.Debug|Any CPU.Build.0 = Debug|Any CPU
	EndGlobalSection
	GlobalSection(SolutionProperties) = preSolution
		HideSolutionNode = FALSE
	EndGlobalSection
EndGlobal
